
Microsoft Visual Studio Solution File, Format Version 12.00
# Visual Studio 2013
VisualStudioVersion = 12.0.31101.0
MinimumVisualStudioVersion = 10.0.40219.1
Project("{FAE04EC0-301F-11D3-BF4B-00C04F79EFBC}") = "01. HelloCSharp", "HelloCSharp\01. HelloCSharp.csproj", "{BB98A479-8DEA-4C62-A602-E8B368ED27D1}"
EndProject
Project("{FAE04EC0-301F-11D3-BF4B-00C04F79EFBC}") = "02. PrintMyName", "PrintMyName\02. PrintMyName.csproj", "{F49FE74A-D3B4-403B-843E-35C5BC6AAA82}"
EndProject
Project("{FAE04EC0-301F-11D3-BF4B-00C04F79EFBC}") = "04. PrintNumbers", "PrintNumbers\04. PrintNumbers.csproj", "{9AC99F3E-028C-4F14-9D2D-EB0FA739AB29}"
EndProject
Project("{FAE04EC0-301F-11D3-BF4B-00C04F79EFBC}") = "03. PrintNameOnSepLines", "PrintNameOnSepLines\03. PrintNameOnSepLines.csproj", "{6866277E-E8DE-4A9E-9F82-849E990FB5C5}"
EndProject
Project("{FAE04EC0-301F-11D3-BF4B-00C04F79EFBC}") = "06. SimpleSequence", "SimpleSequence\06. SimpleSequence.csproj", "{D7BE1B1E-69FD-466D-BA70-61D8EC573E1F}"
EndProject
Project("{FAE04EC0-301F-11D3-BF4B-00C04F79EFBC}") = "07. ReformatCSharpCode", "ReformatCSharpCode\07. ReformatCSharpCode.csproj", "{F4404952-9CD0-43DD-8494-4BD10B25F706}"
EndProject
Project("{FAE04EC0-301F-11D3-BF4B-00C04F79EFBC}") = "08. CurrentDateTime", "CurrentDateTime\08. CurrentDateTime.csproj", "{E9801BD7-DD1E-48BB-9D73-39CC48380966}"
EndProject
Project("{FAE04EC0-301F-11D3-BF4B-00C04F79EFBC}") = "05. SimpleSqrt", "SimpleSqrt\05. SimpleSqrt.csproj", "{7A4E062E-F573-47AE-BF55-2472E9C86B9F}"
EndProject
Project("{FAE04EC0-301F-11D3-BF4B-00C04F79EFBC}") = "09. AgeInTenYears", "AgeInTenYears\09. AgeInTenYears.csproj", "{F847F32A-4853-45CB-8ACB-61A677810B8C}"
EndProject
Project("{FAE04EC0-301F-11D3-BF4B-00C04F79EFBC}") = "10. SimpleSequence1000", "SimpleSequence1000\10. SimpleSequence1000.csproj", "{33D72A5B-1B87-4968-B240-7E670F5555F8}"
EndProject
Project("{2150E333-8FDC-42A3-9474-1A3956D46DE8}") = "Lecture 1", "Lecture 1", "{BE08C1F0-21F9-4C85-A61C-074D5DF43F66}"
EndProject
Project("{2150E333-8FDC-42A3-9474-1A3956D46DE8}") = "Lecture 2", "Lecture 2", "{95A01EA5-B224-4637-A5B6-8E22FB106FB4}"
EndProject
Project("{FAE04EC0-301F-11D3-BF4B-00C04F79EFBC}") = "01. DeclareVariables", "DeclareVariables\01. DeclareVariables.csproj", "{37E2748B-421C-4568-9D61-9CD2F4230806}"
EndProject
Project("{FAE04EC0-301F-11D3-BF4B-00C04F79EFBC}") = "FloatOrDouble", "FloatOrDouble\FloatOrDouble.csproj", "{4530F38F-0DDF-4F23-882F-BE9B1D83F849}"
EndProject
Project("{FAE04EC0-301F-11D3-BF4B-00C04F79EFBC}") = "VariableInHexadecimalFormat", "VariableInHexadecimalFormat\VariableInHexadecimalFormat.csproj", "{D027D718-698C-437D-9C05-5AB1E63FA26B}"
EndProject
Project("{FAE04EC0-301F-11D3-BF4B-00C04F79EFBC}") = "UnicodeCharacter", "UnicodeCharacter\UnicodeCharacter.csproj", "{F0EE00D4-0E6F-481E-BA78-CA748EBB1FE4}"
EndProject
Global
	GlobalSection(SolutionConfigurationPlatforms) = preSolution
		Debug|Any CPU = Debug|Any CPU
		Release|Any CPU = Release|Any CPU
	EndGlobalSection
	GlobalSection(ProjectConfigurationPlatforms) = postSolution
		{BB98A479-8DEA-4C62-A602-E8B368ED27D1}.Debug|Any CPU.ActiveCfg = Debug|Any CPU
		{BB98A479-8DEA-4C62-A602-E8B368ED27D1}.Debug|Any CPU.Build.0 = Debug|Any CPU
		{BB98A479-8DEA-4C62-A602-E8B368ED27D1}.Release|Any CPU.ActiveCfg = Release|Any CPU
		{BB98A479-8DEA-4C62-A602-E8B368ED27D1}.Release|Any CPU.Build.0 = Release|Any CPU
		{F49FE74A-D3B4-403B-843E-35C5BC6AAA82}.Debug|Any CPU.ActiveCfg = Debug|Any CPU
		{F49FE74A-D3B4-403B-843E-35C5BC6AAA82}.Debug|Any CPU.Build.0 = Debug|Any CPU
		{F49FE74A-D3B4-403B-843E-35C5BC6AAA82}.Release|Any CPU.ActiveCfg = Release|Any CPU
		{F49FE74A-D3B4-403B-843E-35C5BC6AAA82}.Release|Any CPU.Build.0 = Release|Any CPU
		{9AC99F3E-028C-4F14-9D2D-EB0FA739AB29}.Debug|Any CPU.ActiveCfg = Debug|Any CPU
		{9AC99F3E-028C-4F14-9D2D-EB0FA739AB29}.Debug|Any CPU.Build.0 = Debug|Any CPU
		{9AC99F3E-028C-4F14-9D2D-EB0FA739AB29}.Release|Any CPU.ActiveCfg = Release|Any CPU
		{9AC99F3E-028C-4F14-9D2D-EB0FA739AB29}.Release|Any CPU.Build.0 = Release|Any CPU
		{6866277E-E8DE-4A9E-9F82-849E990FB5C5}.Debug|Any CPU.ActiveCfg = Debug|Any CPU
		{6866277E-E8DE-4A9E-9F82-849E990FB5C5}.Debug|Any CPU.Build.0 = Debug|Any CPU
		{6866277E-E8DE-4A9E-9F82-849E990FB5C5}.Release|Any CPU.ActiveCfg = Release|Any CPU
		{6866277E-E8DE-4A9E-9F82-849E990FB5C5}.Release|Any CPU.Build.0 = Release|Any CPU
		{D7BE1B1E-69FD-466D-BA70-61D8EC573E1F}.Debug|Any CPU.ActiveCfg = Debug|Any CPU
		{D7BE1B1E-69FD-466D-BA70-61D8EC573E1F}.Debug|Any CPU.Build.0 = Debug|Any CPU
		{D7BE1B1E-69FD-466D-BA70-61D8EC573E1F}.Release|Any CPU.ActiveCfg = Release|Any CPU
		{D7BE1B1E-69FD-466D-BA70-61D8EC573E1F}.Release|Any CPU.Build.0 = Release|Any CPU
		{F4404952-9CD0-43DD-8494-4BD10B25F706}.Debug|Any CPU.ActiveCfg = Debug|Any CPU
		{F4404952-9CD0-43DD-8494-4BD10B25F706}.Debug|Any CPU.Build.0 = Debug|Any CPU
		{F4404952-9CD0-43DD-8494-4BD10B25F706}.Release|Any CPU.ActiveCfg = Release|Any CPU
		{F4404952-9CD0-43DD-8494-4BD10B25F706}.Release|Any CPU.Build.0 = Release|Any CPU
		{E9801BD7-DD1E-48BB-9D73-39CC48380966}.Debug|Any CPU.ActiveCfg = Debug|Any CPU
		{E9801BD7-DD1E-48BB-9D73-39CC48380966}.Debug|Any CPU.Build.0 = Debug|Any CPU
		{E9801BD7-DD1E-48BB-9D73-39CC48380966}.Release|Any CPU.ActiveCfg = Release|Any CPU
		{E9801BD7-DD1E-48BB-9D73-39CC48380966}.Release|Any CPU.Build.0 = Release|Any CPU
		{7A4E062E-F573-47AE-BF55-2472E9C86B9F}.Debug|Any CPU.ActiveCfg = Debug|Any CPU
		{7A4E062E-F573-47AE-BF55-2472E9C86B9F}.Debug|Any CPU.Build.0 = Debug|Any CPU
		{7A4E062E-F573-47AE-BF55-2472E9C86B9F}.Release|Any CPU.ActiveCfg = Release|Any CPU
		{7A4E062E-F573-47AE-BF55-2472E9C86B9F}.Release|Any CPU.Build.0 = Release|Any CPU
		{F847F32A-4853-45CB-8ACB-61A677810B8C}.Debug|Any CPU.ActiveCfg = Debug|Any CPU
		{F847F32A-4853-45CB-8ACB-61A677810B8C}.Debug|Any CPU.Build.0 = Debug|Any CPU
		{F847F32A-4853-45CB-8ACB-61A677810B8C}.Release|Any CPU.ActiveCfg = Release|Any CPU
		{F847F32A-4853-45CB-8ACB-61A677810B8C}.Release|Any CPU.Build.0 = Release|Any CPU
		{33D72A5B-1B87-4968-B240-7E670F5555F8}.Debug|Any CPU.ActiveCfg = Debug|Any CPU
		{33D72A5B-1B87-4968-B240-7E670F5555F8}.Debug|Any CPU.Build.0 = Debug|Any CPU
		{33D72A5B-1B87-4968-B240-7E670F5555F8}.Release|Any CPU.ActiveCfg = Release|Any CPU
		{33D72A5B-1B87-4968-B240-7E670F5555F8}.Release|Any CPU.Build.0 = Release|Any CPU
		{37E2748B-421C-4568-9D61-9CD2F4230806}.Debug|Any CPU.ActiveCfg = Debug|Any CPU
		{37E2748B-421C-4568-9D61-9CD2F4230806}.Debug|Any CPU.Build.0 = Debug|Any CPU
		{37E2748B-421C-4568-9D61-9CD2F4230806}.Release|Any CPU.ActiveCfg = Release|Any CPU
		{37E2748B-421C-4568-9D61-9CD2F4230806}.Release|Any CPU.Build.0 = Release|Any CPU
		{4530F38F-0DDF-4F23-882F-BE9B1D83F849}.Debug|Any CPU.ActiveCfg = Debug|Any CPU
		{4530F38F-0DDF-4F23-882F-BE9B1D83F849}.Debug|Any CPU.Build.0 = Debug|Any CPU
		{4530F38F-0DDF-4F23-882F-BE9B1D83F849}.Release|Any CPU.ActiveCfg = Release|Any CPU
		{4530F38F-0DDF-4F23-882F-BE9B1D83F849}.Release|Any CPU.Build.0 = Release|Any CPU
		{D027D718-698C-437D-9C05-5AB1E63FA26B}.Debug|Any CPU.ActiveCfg = Debug|Any CPU
		{D027D718-698C-437D-9C05-5AB1E63FA26B}.Debug|Any CPU.Build.0 = Debug|Any CPU
		{D027D718-698C-437D-9C05-5AB1E63FA26B}.Release|Any CPU.ActiveCfg = Release|Any CPU
		{D027D718-698C-437D-9C05-5AB1E63FA26B}.Release|Any CPU.Build.0 = Release|Any CPU
		{F0EE00D4-0E6F-481E-BA78-CA748EBB1FE4}.Debug|Any CPU.ActiveCfg = Debug|Any CPU
		{F0EE00D4-0E6F-481E-BA78-CA748EBB1FE4}.Debug|Any CPU.Build.0 = Debug|Any CPU
		{F0EE00D4-0E6F-481E-BA78-CA748EBB1FE4}.Release|Any CPU.ActiveCfg = Release|Any CPU
		{F0EE00D4-0E6F-481E-BA78-CA748EBB1FE4}.Release|Any CPU.Build.0 = Release|Any CPU
	EndGlobalSection
	GlobalSection(SolutionProperties) = preSolution
		HideSolutionNode = FALSE
	EndGlobalSection
	GlobalSection(NestedProjects) = preSolution
		{BB98A479-8DEA-4C62-A602-E8B368ED27D1} = {BE08C1F0-21F9-4C85-A61C-074D5DF43F66}
		{F49FE74A-D3B4-403B-843E-35C5BC6AAA82} = {BE08C1F0-21F9-4C85-A61C-074D5DF43F66}
		{9AC99F3E-028C-4F14-9D2D-EB0FA739AB29} = {BE08C1F0-21F9-4C85-A61C-074D5DF43F66}
		{6866277E-E8DE-4A9E-9F82-849E990FB5C5} = {BE08C1F0-21F9-4C85-A61C-074D5DF43F66}
		{D7BE1B1E-69FD-466D-BA70-61D8EC573E1F} = {BE08C1F0-21F9-4C85-A61C-074D5DF43F66}
		{F4404952-9CD0-43DD-8494-4BD10B25F706} = {BE08C1F0-21F9-4C85-A61C-074D5DF43F66}
		{E9801BD7-DD1E-48BB-9D73-39CC48380966} = {BE08C1F0-21F9-4C85-A61C-074D5DF43F66}
		{7A4E062E-F573-47AE-BF55-2472E9C86B9F} = {BE08C1F0-21F9-4C85-A61C-074D5DF43F66}
		{F847F32A-4853-45CB-8ACB-61A677810B8C} = {BE08C1F0-21F9-4C85-A61C-074D5DF43F66}
		{33D72A5B-1B87-4968-B240-7E670F5555F8} = {BE08C1F0-21F9-4C85-A61C-074D5DF43F66}
		{37E2748B-421C-4568-9D61-9CD2F4230806} = {95A01EA5-B224-4637-A5B6-8E22FB106FB4}
		{4530F38F-0DDF-4F23-882F-BE9B1D83F849} = {95A01EA5-B224-4637-A5B6-8E22FB106FB4}
		{D027D718-698C-437D-9C05-5AB1E63FA26B} = {95A01EA5-B224-4637-A5B6-8E22FB106FB4}
		{F0EE00D4-0E6F-481E-BA78-CA748EBB1FE4} = {95A01EA5-B224-4637-A5B6-8E22FB106FB4}
	EndGlobalSection
EndGlobal
